
Microsoft Visual Studio Solution File, Format Version 12.00
# Visual Studio Version 17
VisualStudioVersion = 17.9.34728.123
MinimumVisualStudioVersion = 10.0.40219.1
Project("{9A19103F-16F7-4668-BE54-9A1E7A4F7556}") = "Bücherei.Lib", "Bücherei.Lib\Bücherei.Lib.csproj", "{9DD7C50E-32A5-4A8B-BB14-14F4A902AF68}"
EndProject
Project("{9A19103F-16F7-4668-BE54-9A1E7A4F7556}") = "Bücherei.Cli", "Bücherei.Cli\Bücherei.Cli.csproj", "{792643CE-0698-4661-BF75-5A97B8B27872}"
EndProject
Project("{FAE04EC0-301F-11D3-BF4B-00C04F79EFBC}") = "Querries", "Querries\Querries.csproj", "{3D68E069-F2DA-4C01-B515-72C377122437}"
EndProject
Global
	GlobalSection(SolutionConfigurationPlatforms) = preSolution
		Debug|Any CPU = Debug|Any CPU
		Release|Any CPU = Release|Any CPU
	EndGlobalSection
	GlobalSection(ProjectConfigurationPlatforms) = postSolution
		{9DD7C50E-32A5-4A8B-BB14-14F4A902AF68}.Debug|Any CPU.ActiveCfg = Debug|Any CPU
		{9DD7C50E-32A5-4A8B-BB14-14F4A902AF68}.Debug|Any CPU.Build.0 = Debug|Any CPU
		{9DD7C50E-32A5-4A8B-BB14-14F4A902AF68}.Release|Any CPU.ActiveCfg = Release|Any CPU
		{9DD7C50E-32A5-4A8B-BB14-14F4A902AF68}.Release|Any CPU.Build.0 = Release|Any CPU
		{792643CE-0698-4661-BF75-5A97B8B27872}.Debug|Any CPU.ActiveCfg = Debug|Any CPU
		{792643CE-0698-4661-BF75-5A97B8B27872}.Debug|Any CPU.Build.0 = Debug|Any CPU
		{792643CE-0698-4661-BF75-5A97B8B27872}.Release|Any CPU.ActiveCfg = Release|Any CPU
		{792643CE-0698-4661-BF75-5A97B8B27872}.Release|Any CPU.Build.0 = Release|Any CPU
		{3D68E069-F2DA-4C01-B515-72C377122437}.Debug|Any CPU.ActiveCfg = Debug|Any CPU
		{3D68E069-F2DA-4C01-B515-72C377122437}.Debug|Any CPU.Build.0 = Debug|Any CPU
		{3D68E069-F2DA-4C01-B515-72C377122437}.Release|Any CPU.ActiveCfg = Release|Any CPU
		{3D68E069-F2DA-4C01-B515-72C377122437}.Release|Any CPU.Build.0 = Release|Any CPU
	EndGlobalSection
	GlobalSection(SolutionProperties) = preSolution
		HideSolutionNode = FALSE
	EndGlobalSection
	GlobalSection(ExtensibilityGlobals) = postSolution
		SolutionGuid = {DBEB1078-E303-4496-BD25-A57A89C0C67E}
	EndGlobalSection
EndGlobal
